<?xml version="1.0" encoding="utf-8"?>
<Project ToolsVersion="4.0" xmlns="http://schemas.microsoft.com/developer/msbuild/2003">
  <ItemGroup>
    <Filter Include="Utils">
      <UniqueIdentifier>{9117c3f6-9f05-472a-9f56-e690977c6f54}</UniqueIdentifier>
    </Filter>
    <Filter Include="Core">
      <UniqueIdentifier>{15312796-8d3f-4d36-956e-d4ddb2b2fbd1}</UniqueIdentifier>
    </Filter>
    <Filter Include="Testers">
      <UniqueIdentifier>{ce2e013a-8443-412b-8471-c36fc3870cb5}</UniqueIdentifier>
    </Filter>
    <Filter Include="Script">
      <UniqueIdentifier>{88469830-e234-4858-a929-f57635e0bd90}</UniqueIdentifier>
    </Filter>
    <Filter Include="Config">
      <UniqueIdentifier>{735bb79e-983a-4ca9-9db7-709519818e22}</UniqueIdentifier>
    </Filter>
    <Filter Include="OS">
      <UniqueIdentifier>{e19062f9-8273-4917-bb2e-9510b0f2e590}</UniqueIdentifier>
    </Filter>
    <Filter Include="Graphics">
      <UniqueIdentifier>{25d52a98-589c-45a9-b4c2-5f122d9fd8ce}</UniqueIdentifier>
    </Filter>
    <Filter Include="Physics">
      <UniqueIdentifier>{87622cab-f821-46c6-af67-daf863d3461d}</UniqueIdentifier>
    </Filter>
    <Filter Include="Shaders">
      <UniqueIdentifier>{2ad5b495-cf59-4bd7-8959-15da510b112a}</UniqueIdentifier>
    </Filter>
    <Filter Include="API">
      <UniqueIdentifier>{88c15faf-10e5-4f85-9019-415f7a9d8177}</UniqueIdentifier>
    </Filter>
  </ItemGroup>
  <ItemGroup>
    <ClInclude Include="Utils\logger.hpp">
      <Filter>Utils</Filter>
    </ClInclude>
    <ClInclude Include="Utils\serviceLocator.hpp">
      <Filter>Utils</Filter>
    </ClInclude>
    <ClInclude Include="Script\luaScript.hpp">
      <Filter>Script</Filter>
    </ClInclude>
    <ClInclude Include="Config\engineMacros.hpp">
      <Filter>Config</Filter>
    </ClInclude>
    <ClInclude Include="Utils\timer.hpp">
      <Filter>Utils</Filter>
    </ClInclude>
    <ClInclude Include="Utils\delegate.hpp">
      <Filter>Utils</Filter>
    </ClInclude>
    <ClInclude Include="Core\engine.hpp">
      <Filter>Core</Filter>
    </ClInclude>
    <ClInclude Include="Core\eventManager.hpp">
      <Filter>Core</Filter>
    </ClInclude>
    <ClInclude Include="OS\inputContext.hpp">
      <Filter>OS</Filter>
    </ClInclude>
    <ClInclude Include="OS\inputManager.hpp">
      <Filter>OS</Filter>
    </ClInclude>
    <ClInclude Include="OS\window.hpp">
      <Filter>OS</Filter>
    </ClInclude>
    <ClInclude Include="Core\event.hpp">
      <Filter>Core</Filter>
    </ClInclude>
    <ClInclude Include="Utils\fileWatcher.hpp">
      <Filter>Utils</Filter>
    </ClInclude>
    <ClInclude Include="Physics\physicsManager.hpp">
      <Filter>Physics</Filter>
    </ClInclude>
    <ClInclude Include="Physics\world.hpp">
      <Filter>Physics</Filter>
    </ClInclude>
    <ClInclude Include="Graphics\glad_3_3_core.hpp">
      <Filter>Graphics</Filter>
    </ClInclude>
    <ClInclude Include="Graphics\graphicsManager.hpp">
      <Filter>Graphics</Filter>
    </ClInclude>
    <ClInclude Include="Graphics\stb_image.hpp">
      <Filter>Graphics</Filter>
    </ClInclude>
    <ClInclude Include="Graphics\shader.hpp">
      <Filter>Graphics</Filter>
    </ClInclude>
    <ClInclude Include="Graphics\uniforms.hpp">
      <Filter>Graphics</Filter>
    </ClInclude>
    <ClInclude Include="Graphics\assimpLoader.hpp">
      <Filter>Graphics</Filter>
    </ClInclude>
    <ClInclude Include="Graphics\debugCamera.hpp">
      <Filter>Graphics</Filter>
    </ClInclude>
    <ClInclude Include="Graphics\mesh.hpp">
      <Filter>Graphics</Filter>
    </ClInclude>
    <ClInclude Include="Graphics\primitives.hpp">
      <Filter>Graphics</Filter>
    </ClInclude>
    <ClInclude Include="Script\engineLuaAPI.hpp">
      <Filter>Script</Filter>
    </ClInclude>
    <ClInclude Include="Graphics\materialManager.hpp">
      <Filter>Graphics</Filter>
    </ClInclude>
    <ClInclude Include="Graphics\framebuffer.hpp">
      <Filter>Graphics</Filter>
    </ClInclude>
    <ClInclude Include="Utils\debugging.hpp">
      <Filter>Utils</Filter>
    </ClInclude>
    <ClInclude Include="API\entity.hpp">
      <Filter>API</Filter>
    </ClInclude>
  </ItemGroup>
  <ItemGroup>
    <ClCompile Include="Utils\serviceLocator.cpp">
      <Filter>Utils</Filter>
    </ClCompile>
    <ClCompile Include="Script\luaScript.cpp">
      <Filter>Script</Filter>
    </ClCompile>
    <ClCompile Include="Utils\timer.cpp">
      <Filter>Utils</Filter>
    </ClCompile>
    <ClCompile Include="Core\engine.cpp">
      <Filter>Core</Filter>
    </ClCompile>
    <ClCompile Include="Core\eventManager.cpp">
      <Filter>Core</Filter>
    </ClCompile>
    <ClCompile Include="OS\inputContext.cpp">
      <Filter>OS</Filter>
    </ClCompile>
    <ClCompile Include="OS\inputManager.cpp">
      <Filter>OS</Filter>
    </ClCompile>
    <ClCompile Include="OS\window.cpp">
      <Filter>OS</Filter>
    </ClCompile>
    <ClCompile Include="Core\event.cpp">
      <Filter>Core</Filter>
    </ClCompile>
    <ClCompile Include="Utils\fileWatcher.cpp">
      <Filter>Utils</Filter>
    </ClCompile>
    <ClCompile Include="Testers\test.cpp">
      <Filter>Testers</Filter>
    </ClCompile>
    <ClCompile Include="Physics\physicsManager.cpp">
      <Filter>Physics</Filter>
    </ClCompile>
    <ClCompile Include="Physics\world.cpp">
      <Filter>Physics</Filter>
    </ClCompile>
    <ClCompile Include="Graphics\glad_3_3_core.cpp">
      <Filter>Graphics</Filter>
    </ClCompile>
    <ClCompile Include="Graphics\graphicsManager.cpp">
      <Filter>Graphics</Filter>
    </ClCompile>
    <ClCompile Include="Graphics\stb_image.cpp">
      <Filter>Graphics</Filter>
    </ClCompile>
    <ClCompile Include="Graphics\shader.cpp">
      <Filter>Graphics</Filter>
    </ClCompile>
    <ClCompile Include="Graphics\uniforms.cpp">
      <Filter>Graphics</Filter>
    </ClCompile>
    <ClCompile Include="Graphics\assimpLoader.cpp">
      <Filter>Graphics</Filter>
    </ClCompile>
    <ClCompile Include="Graphics\debugCamera.cpp">
      <Filter>Graphics</Filter>
    </ClCompile>
    <ClCompile Include="Graphics\mesh.cpp">
      <Filter>Graphics</Filter>
    </ClCompile>
    <ClCompile Include="Script\engineLuaAPI.cpp">
      <Filter>Script</Filter>
    </ClCompile>
    <ClCompile Include="Graphics\materialManager.cpp">
      <Filter>Graphics</Filter>
    </ClCompile>
    <ClCompile Include="Graphics\framebuffer.cpp">
      <Filter>Graphics</Filter>
    </ClCompile>
    <ClCompile Include="Utils\debugging.cpp">
      <Filter>Utils</Filter>
    </ClCompile>
    <ClCompile Include="API\entity.cpp">
      <Filter>API</Filter>
    </ClCompile>
  </ItemGroup>
  <ItemGroup>
    <None Include="packages.config" />
    <None Include="Testers\inputContexts.lua">
      <Filter>Testers</Filter>
    </None>
    <None Include="Testers\testContext.lua">
      <Filter>Testers</Filter>
    </None>
    <None Include="Testers\windowConfig.lua">
      <Filter>Testers</Filter>
    </None>
    <None Include="Testers\engineConfig.lua">
      <Filter>Testers</Filter>
    </None>
    <None Include="Testers\core_engine_test_engine_config.lua">
      <Filter>Testers</Filter>
    </None>
    <None Include="Testers\testContext2.lua">
      <Filter>Testers</Filter>
    </None>
    <None Include="Testers\luaAPI.lua">
      <Filter>Testers</Filter>
    </None>
    <None Include="Testers\testfs.glsl">
      <Filter>Testers</Filter>
    </None>
    <None Include="Testers\testvs.glsl">
      <Filter>Testers</Filter>
    </None>
    <None Include="Shaders\cubemapfs.glsl">
      <Filter>Shaders</Filter>
    </None>
    <None Include="Shaders\cubemapvs.glsl">
      <Filter>Shaders</Filter>
    </None>
    <None Include="Shaders\depthmapfs.glsl">
      <Filter>Shaders</Filter>
    </None>
    <None Include="Shaders\depthmapvs.glsl">
      <Filter>Shaders</Filter>
    </None>
    <None Include="Shaders\normalmapfs.glsl">
      <Filter>Shaders</Filter>
    </None>
    <None Include="Shaders\normalmapvs.glsl">
      <Filter>Shaders</Filter>
    </None>
    <None Include="Shaders\objfs.glsl">
      <Filter>Shaders</Filter>
    </None>
    <None Include="Shaders\objvs.glsl">
      <Filter>Shaders</Filter>
    </None>
    <None Include="Shaders\quadfs.glsl">
      <Filter>Shaders</Filter>
    </None>
    <None Include="Shaders\quadvs.glsl">
      <Filter>Shaders</Filter>
    </None>
    <None Include="Shaders\shadowfs.glsl">
      <Filter>Shaders</Filter>
    </None>
    <None Include="Shaders\shadowvs.glsl">
      <Filter>Shaders</Filter>
    </None>
    <None Include="Shaders\simplefs.glsl">
      <Filter>Shaders</Filter>
    </None>
    <None Include="Shaders\simplevs.glsl">
      <Filter>Shaders</Filter>
    </None>
    <None Include="Testers\graphicsConfig.lua">
      <Filter>Testers</Filter>
    </None>
    <None Include="Shaders\cubedepthmapfs.glsl">
      <Filter>Shaders</Filter>
    </None>
    <None Include="Shaders\cubedepthmapgs.glsl">
      <Filter>Shaders</Filter>
    </None>
    <None Include="Shaders\cubedepthmapvs.glsl">
      <Filter>Shaders</Filter>
    </None>
  </ItemGroup>
</Project>