<?xml version="1.0" encoding="utf-8"?>
<Project ToolsVersion="4.0" xmlns="http://schemas.microsoft.com/developer/msbuild/2003">
  <ItemGroup>
    <Filter Include="Utils">
      <UniqueIdentifier>{9117c3f6-9f05-472a-9f56-e690977c6f54}</UniqueIdentifier>
    </Filter>
    <Filter Include="Core">
      <UniqueIdentifier>{15312796-8d3f-4d36-956e-d4ddb2b2fbd1}</UniqueIdentifier>
    </Filter>
    <Filter Include="Testers">
      <UniqueIdentifier>{ce2e013a-8443-412b-8471-c36fc3870cb5}</UniqueIdentifier>
    </Filter>
    <Filter Include="Script">
      <UniqueIdentifier>{88469830-e234-4858-a929-f57635e0bd90}</UniqueIdentifier>
    </Filter>
    <Filter Include="Config">
      <UniqueIdentifier>{735bb79e-983a-4ca9-9db7-709519818e22}</UniqueIdentifier>
    </Filter>
    <Filter Include="ECS">
      <UniqueIdentifier>{e735e134-4ae6-42a4-9dca-0fec528ed375}</UniqueIdentifier>
    </Filter>
  </ItemGroup>
  <ItemGroup>
    <ClInclude Include="Utils\logger.hpp">
      <Filter>Utils</Filter>
    </ClInclude>
    <ClInclude Include="Utils\serviceLocator.hpp">
      <Filter>Utils</Filter>
    </ClInclude>
    <ClInclude Include="Core\window.hpp">
      <Filter>Core</Filter>
    </ClInclude>
    <ClInclude Include="Script\luaScript.hpp">
      <Filter>Script</Filter>
    </ClInclude>
    <ClInclude Include="Core\inputContext.hpp">
      <Filter>Core</Filter>
    </ClInclude>
    <ClInclude Include="Core\inputManager.hpp">
      <Filter>Core</Filter>
    </ClInclude>
    <ClInclude Include="Core\systemManager.hpp">
      <Filter>Core</Filter>
    </ClInclude>
    <ClInclude Include="Config\engineMacros.hpp">
      <Filter>Config</Filter>
    </ClInclude>
    <ClInclude Include="Utils\timer.hpp">
      <Filter>Utils</Filter>
    </ClInclude>
    <ClInclude Include="ECS\idGenerator.hpp">
      <Filter>ECS</Filter>
    </ClInclude>
    <ClInclude Include="ECS\iComponent.hpp">
      <Filter>ECS</Filter>
    </ClInclude>
    <ClInclude Include="ECS\iEntity.hpp">
      <Filter>ECS</Filter>
    </ClInclude>
    <ClInclude Include="ECS\iSystem.hpp">
      <Filter>ECS</Filter>
    </ClInclude>
  </ItemGroup>
  <ItemGroup>
    <ClCompile Include="Utils\serviceLocator.cpp">
      <Filter>Utils</Filter>
    </ClCompile>
    <ClCompile Include="Core\window.cpp">
      <Filter>Core</Filter>
    </ClCompile>
    <ClCompile Include="Testers\utils_logger_test.cpp">
      <Filter>Testers</Filter>
    </ClCompile>
    <ClCompile Include="Testers\core_window_test.cpp">
      <Filter>Testers</Filter>
    </ClCompile>
    <ClCompile Include="Script\luaScript.cpp">
      <Filter>Script</Filter>
    </ClCompile>
    <ClCompile Include="Testers\script_lua_script_test.cpp">
      <Filter>Testers</Filter>
    </ClCompile>
    <ClCompile Include="Core\inputContext.cpp">
      <Filter>Core</Filter>
    </ClCompile>
    <ClCompile Include="Testers\core_input_context_test.cpp">
      <Filter>Testers</Filter>
    </ClCompile>
    <ClCompile Include="Core\inputManager.cpp">
      <Filter>Core</Filter>
    </ClCompile>
    <ClCompile Include="Core\systemManager.cpp">
      <Filter>Core</Filter>
    </ClCompile>
    <ClCompile Include="Testers\core_system_manager_test.cpp">
      <Filter>Testers</Filter>
    </ClCompile>
    <ClCompile Include="Utils\timer.cpp">
      <Filter>Utils</Filter>
    </ClCompile>
    <ClCompile Include="Testers\ecs_ecs_test.cpp">
      <Filter>Testers</Filter>
    </ClCompile>
    <ClCompile Include="ECS\idGenerator.cpp">
      <Filter>ECS</Filter>
    </ClCompile>
  </ItemGroup>
  <ItemGroup>
    <None Include="packages.config" />
    <None Include="Testers\script_lua_script_test1.lua">
      <Filter>Testers</Filter>
    </None>
    <None Include="Testers\script_lua_script_test2.lua">
      <Filter>Testers</Filter>
    </None>
    <None Include="Testers\script_lua_script_test3.lua">
      <Filter>Testers</Filter>
    </None>
    <None Include="Testers\inputContexts.lua">
      <Filter>Testers</Filter>
    </None>
    <None Include="Testers\testContext.lua">
      <Filter>Testers</Filter>
    </None>
    <None Include="Testers\core_system_manager_test_engine_config.lua">
      <Filter>Testers</Filter>
    </None>
    <None Include="Testers\windowConfig.lua">
      <Filter>Testers</Filter>
    </None>
    <None Include="Testers\engineConfig.lua">
      <Filter>Testers</Filter>
    </None>
  </ItemGroup>
</Project>